PODS:
  - Anchorage (4.5.0)
  - Birch (1.8.0)
  - Birch/Tests (1.8.0):
    - Nimble
    - Quick
  - Nimble (13.0.0)
  - Quick (7.3.0)

DEPENDENCIES:
  - Anchorage
  - Birch (from `../`)
  - Birch/Tests (from `../`)

SPEC REPOS:
  trunk:
    - Anchorage
    - Nimble
    - Quick

EXTERNAL SOURCES:
  Birch:
    :path: "../"

SPEC CHECKSUMS:
  Anchorage: 1961bc81c84aeed54ad7ffc697c50cd9de748ba6
  Birch: c00becfa8bfaa4b33d52085227230a6125a7dcf4
  Nimble: 97d90931cca412a23224ff29e258809f75c258f7
  Quick: d32871931c05547cb4e0bc9009d66a18b50d8558

PODFILE CHECKSUM: 766f0343ce8b6abc384d1755c686c7c0f4513c56

COCOAPODS: 1.14.2
