PODS:
  - Anchorage (4.5.0)
  - Birch (1.3.0)
  - Birch/Tests (1.3.0):
    - Nimble
    - Quick
  - Nimble (10.0.0)
  - Quick (5.0.1)

DEPENDENCIES:
  - Anchorage
  - Birch (from `../`)
  - Birch/Tests (from `../`)

SPEC REPOS:
  trunk:
    - Anchorage
    - Nimble
    - Quick

EXTERNAL SOURCES:
  Birch:
    :path: "../"

SPEC CHECKSUMS:
  Anchorage: 1961bc81c84aeed54ad7ffc697c50cd9de748ba6
  Birch: 7b95bd33d261efd35a8fe95e9ed88443d68e4563
  Nimble: 5316ef81a170ce87baf72dd961f22f89a602ff84
  Quick: 749aa754fd1e7d984f2000fe051e18a3a9809179

PODFILE CHECKSUM: c02025a880ad874429c65ec734fcc010ae7ce0e6

COCOAPODS: 1.11.3
